
Microsoft Visual Studio Solution File, Format Version 11.00
# Visual Studio 2010
Project("{FAE04EC0-301F-11D3-BF4B-00C04F79EFBC}") = "Dream Carnage v1.63a", "Assembly-CSharp.csproj", "{947C91E0-9A82-D114-ACB1-8A1D3C7F8FC1}"
EndProject
Project("{FAE04EC0-301F-11D3-BF4B-00C04F79EFBC}") = "Dream Carnage v1.63a", "Assembly-CSharp-Editor.csproj", "{677A44BA-96D9-92B9-AF04-F47787C32AA8}"
EndProject
Global
	GlobalSection(SolutionConfigurationPlatforms) = preSolution
		Debug|Any CPU = Debug|Any CPU
		Release|Any CPU = Release|Any CPU
	EndGlobalSection
	GlobalSection(ProjectConfigurationPlatforms) = postSolution
		{947C91E0-9A82-D114-ACB1-8A1D3C7F8FC1}.Debug|Any CPU.ActiveCfg = Debug|Any CPU
		{947C91E0-9A82-D114-ACB1-8A1D3C7F8FC1}.Debug|Any CPU.Build.0 = Debug|Any CPU
		{947C91E0-9A82-D114-ACB1-8A1D3C7F8FC1}.Release|Any CPU.ActiveCfg = Release|Any CPU
		{947C91E0-9A82-D114-ACB1-8A1D3C7F8FC1}.Release|Any CPU.Build.0 = Release|Any CPU
		{677A44BA-96D9-92B9-AF04-F47787C32AA8}.Debug|Any CPU.ActiveCfg = Debug|Any CPU
		{677A44BA-96D9-92B9-AF04-F47787C32AA8}.Debug|Any CPU.Build.0 = Debug|Any CPU
		{677A44BA-96D9-92B9-AF04-F47787C32AA8}.Release|Any CPU.ActiveCfg = Release|Any CPU
		{677A44BA-96D9-92B9-AF04-F47787C32AA8}.Release|Any CPU.Build.0 = Release|Any CPU
	EndGlobalSection
	GlobalSection(SolutionProperties) = preSolution
		HideSolutionNode = FALSE
	EndGlobalSection
	GlobalSection(MonoDevelopProperties) = preSolution
		StartupItem = Assembly-CSharp.csproj
	EndGlobalSection
EndGlobal
