
Microsoft Visual Studio Solution File, Format Version 11.00
# Visual Studio 2010
Project("{FAE04EC0-301F-11D3-BF4B-00C04F79EFBC}") = "VNTest - Copy", "Assembly-CSharp.csproj", "{AE90831E-0B97-6862-2CB4-300460A4A5C9}"
EndProject
Project("{FAE04EC0-301F-11D3-BF4B-00C04F79EFBC}") = "VNTest - Copy", "Assembly-CSharp-Editor.csproj", "{CEB92EAF-2481-E6F7-946A-97041EDBCE99}"
EndProject
Global
	GlobalSection(SolutionConfigurationPlatforms) = preSolution
		Debug|Any CPU = Debug|Any CPU
		Release|Any CPU = Release|Any CPU
	EndGlobalSection
	GlobalSection(ProjectConfigurationPlatforms) = postSolution
		{AE90831E-0B97-6862-2CB4-300460A4A5C9}.Debug|Any CPU.ActiveCfg = Debug|Any CPU
		{AE90831E-0B97-6862-2CB4-300460A4A5C9}.Debug|Any CPU.Build.0 = Debug|Any CPU
		{AE90831E-0B97-6862-2CB4-300460A4A5C9}.Release|Any CPU.ActiveCfg = Release|Any CPU
		{AE90831E-0B97-6862-2CB4-300460A4A5C9}.Release|Any CPU.Build.0 = Release|Any CPU
		{CEB92EAF-2481-E6F7-946A-97041EDBCE99}.Debug|Any CPU.ActiveCfg = Debug|Any CPU
		{CEB92EAF-2481-E6F7-946A-97041EDBCE99}.Debug|Any CPU.Build.0 = Debug|Any CPU
		{CEB92EAF-2481-E6F7-946A-97041EDBCE99}.Release|Any CPU.ActiveCfg = Release|Any CPU
		{CEB92EAF-2481-E6F7-946A-97041EDBCE99}.Release|Any CPU.Build.0 = Release|Any CPU
	EndGlobalSection
	GlobalSection(SolutionProperties) = preSolution
		HideSolutionNode = FALSE
	EndGlobalSection
	GlobalSection(MonoDevelopProperties) = preSolution
		StartupItem = Assembly-CSharp.csproj
	EndGlobalSection
EndGlobal
