
Microsoft Visual Studio Solution File, Format Version 11.00
# Visual Studio 2010
Project("{FAE04EC0-301F-11D3-BF4B-00C04F79EFBC}") = "VNTest", "Assembly-CSharp.csproj", "{E30E16B7-350C-853A-8576-CD24D0526886}"
EndProject
Project("{FAE04EC0-301F-11D3-BF4B-00C04F79EFBC}") = "VNTest", "Assembly-CSharp-Editor.csproj", "{AAC3702E-B818-DBC7-8565-51DA8974EA67}"
EndProject
Global
	GlobalSection(SolutionConfigurationPlatforms) = preSolution
		Debug|Any CPU = Debug|Any CPU
		Release|Any CPU = Release|Any CPU
	EndGlobalSection
	GlobalSection(ProjectConfigurationPlatforms) = postSolution
		{E30E16B7-350C-853A-8576-CD24D0526886}.Debug|Any CPU.ActiveCfg = Debug|Any CPU
		{E30E16B7-350C-853A-8576-CD24D0526886}.Debug|Any CPU.Build.0 = Debug|Any CPU
		{E30E16B7-350C-853A-8576-CD24D0526886}.Release|Any CPU.ActiveCfg = Release|Any CPU
		{E30E16B7-350C-853A-8576-CD24D0526886}.Release|Any CPU.Build.0 = Release|Any CPU
		{AAC3702E-B818-DBC7-8565-51DA8974EA67}.Debug|Any CPU.ActiveCfg = Debug|Any CPU
		{AAC3702E-B818-DBC7-8565-51DA8974EA67}.Debug|Any CPU.Build.0 = Debug|Any CPU
		{AAC3702E-B818-DBC7-8565-51DA8974EA67}.Release|Any CPU.ActiveCfg = Release|Any CPU
		{AAC3702E-B818-DBC7-8565-51DA8974EA67}.Release|Any CPU.Build.0 = Release|Any CPU
	EndGlobalSection
	GlobalSection(SolutionProperties) = preSolution
		HideSolutionNode = FALSE
	EndGlobalSection
	GlobalSection(MonoDevelopProperties) = preSolution
		StartupItem = Assembly-CSharp.csproj
	EndGlobalSection
EndGlobal
